
Microsoft Visual Studio Solution File, Format Version 12.00
# Visual Studio Version 16
VisualStudioVersion = 16.0.31624.102
MinimumVisualStudioVersion = 10.0.40219.1
Project("{8BC9CEB8-8B4A-11D0-8D11-00A0C91BC942}") = "RandomDLL", "RandomDLL.vcxproj", "{AC1A4E92-E2C3-4326-907A-CBCF9D7CFFE5}"
EndProject
Project("{8BC9CEB8-8B4A-11D0-8D11-00A0C91BC942}") = "RandomDLLPS", "RandomDLLPS\RandomDLLPS.vcxproj", "{07FB37C9-70ED-4402-B5DD-6FA8D18B4586}"
	ProjectSection(ProjectDependencies) = postProject
		{AC1A4E92-E2C3-4326-907A-CBCF9D7CFFE5} = {AC1A4E92-E2C3-4326-907A-CBCF9D7CFFE5}
	EndProjectSection
EndProject
Global
	GlobalSection(SolutionConfigurationPlatforms) = preSolution
		Debug|x64 = Debug|x64
		Debug|x86 = Debug|x86
		Release|x64 = Release|x64
		Release|x86 = Release|x86
	EndGlobalSection
	GlobalSection(ProjectConfigurationPlatforms) = postSolution
		{AC1A4E92-E2C3-4326-907A-CBCF9D7CFFE5}.Debug|x64.ActiveCfg = Debug|x64
		{AC1A4E92-E2C3-4326-907A-CBCF9D7CFFE5}.Debug|x64.Build.0 = Debug|x64
		{AC1A4E92-E2C3-4326-907A-CBCF9D7CFFE5}.Debug|x86.ActiveCfg = Debug|Win32
		{AC1A4E92-E2C3-4326-907A-CBCF9D7CFFE5}.Debug|x86.Build.0 = Debug|Win32
		{AC1A4E92-E2C3-4326-907A-CBCF9D7CFFE5}.Release|x64.ActiveCfg = Release|x64
		{AC1A4E92-E2C3-4326-907A-CBCF9D7CFFE5}.Release|x64.Build.0 = Release|x64
		{AC1A4E92-E2C3-4326-907A-CBCF9D7CFFE5}.Release|x86.ActiveCfg = Release|Win32
		{AC1A4E92-E2C3-4326-907A-CBCF9D7CFFE5}.Release|x86.Build.0 = Release|Win32
		{07FB37C9-70ED-4402-B5DD-6FA8D18B4586}.Debug|x64.ActiveCfg = Debug|x64
		{07FB37C9-70ED-4402-B5DD-6FA8D18B4586}.Debug|x86.ActiveCfg = Debug|Win32
		{07FB37C9-70ED-4402-B5DD-6FA8D18B4586}.Release|x64.ActiveCfg = Release|x64
		{07FB37C9-70ED-4402-B5DD-6FA8D18B4586}.Release|x86.ActiveCfg = Release|Win32
	EndGlobalSection
	GlobalSection(SolutionProperties) = preSolution
		HideSolutionNode = FALSE
	EndGlobalSection
	GlobalSection(ExtensibilityGlobals) = postSolution
		SolutionGuid = {1BFD8A6E-546D-476E-B029-59CA270AFD73}
	EndGlobalSection
EndGlobal
